// !$*UTF8*$!
{
	archiveVersion = 1;
	classes = {
	};
	objectVersion = 45;
	objects = {

/* Begin PBXBuildFile section */
		5810B8E71083557600EBDCF2 /* vstinitiids.cpp in Sources */ = {isa = PBXBuildFile; fileRef = 5810B8E61083557600EBDCF2 /* vstinitiids.cpp */; };
		7739F0AD1D7668610061B3F7 /* evaluatoreditor.cpp in Sources */ = {isa = PBXBuildFile; fileRef = 7739F0AB1D7668610061B3F7 /* evaluatoreditor.cpp */; };
		7739F0CF1D766EC40061B3F7 /* vstgui_mac.mm in Sources */ = {isa = PBXBuildFile; fileRef = 7739F0CE1D766EC40061B3F7 /* vstgui_mac.mm */; };
		7739F0D11D766F410061B3F7 /* Accelerate.framework in Frameworks */ = {isa = PBXBuildFile; fileRef = 7739F0D01D766F410061B3F7 /* Accelerate.framework */; };
		7739F0D31D766F490061B3F7 /* OpenGL.framework in Frameworks */ = {isa = PBXBuildFile; fileRef = 7739F0D21D766F490061B3F7 /* OpenGL.framework */; };
		7739F0D51D766F530061B3F7 /* QuartzCore.framework in Frameworks */ = {isa = PBXBuildFile; fileRef = 7739F0D41D766F530061B3F7 /* QuartzCore.framework */; };
		7739F0DB1D7670760061B3F7 /* vst3editor.cpp in Sources */ = {isa = PBXBuildFile; fileRef = 7739F0D81D7670760061B3F7 /* vst3editor.cpp */; };
		7739F0DC1D7670760061B3F7 /* vstgui_uidescription_mac.mm in Sources */ = {isa = PBXBuildFile; fileRef = 7739F0DA1D7670760061B3F7 /* vstgui_uidescription_mac.mm */; };
		7739F0F91D7673730061B3F7 /* vstguieditor.cpp in Sources */ = {isa = PBXBuildFile; fileRef = 7739F0F71D7673730061B3F7 /* vstguieditor.cpp */; };
		7739F11E1D7678120061B3F7 /* editor.uidesc in Resources */ = {isa = PBXBuildFile; fileRef = 7739F11D1D7678120061B3F7 /* editor.uidesc */; };
		773FF2471E24869B0068595B /* numberbox_arrow_up.png in Resources */ = {isa = PBXBuildFile; fileRef = 773FF2451E24869A0068595B /* numberbox_arrow_up.png */; };
		773FF2481E24869B0068595B /* numberbox_arrow_down.png in Resources */ = {isa = PBXBuildFile; fileRef = 773FF2461E24869B0068595B /* numberbox_arrow_down.png */; };
		773FF24A1E2490320068595B /* numberbox_background.png in Resources */ = {isa = PBXBuildFile; fileRef = 773FF2491E2490320068595B /* numberbox_background.png */; };
		776862B11DE8B6FA00F115CB /* expression.cpp in Sources */ = {isa = PBXBuildFile; fileRef = 776862AF1DE8B6FA00F115CB /* expression.cpp */; };
		776862BD1DE8DB7900F115CB /* main.cpp in Sources */ = {isa = PBXBuildFile; fileRef = 776862BC1DE8DB7900F115CB /* main.cpp */; };
		776862C11DE8DB9E00F115CB /* expression.cpp in Sources */ = {isa = PBXBuildFile; fileRef = 776862AF1DE8B6FA00F115CB /* expression.cpp */; };
		776862C21DE8DB9E00F115CB /* expression.hpp in Sources */ = {isa = PBXBuildFile; fileRef = 776862B01DE8B6FA00F115CB /* expression.hpp */; };
		7782BD0C1D7C884700B547F7 /* vslider_background.png in Resources */ = {isa = PBXBuildFile; fileRef = 7782BD0A1D7C884700B547F7 /* vslider_background.png */; };
		7782BD0D1D7C884700B547F7 /* vslider_handle.png in Resources */ = {isa = PBXBuildFile; fileRef = 7782BD0B1D7C884700B547F7 /* vslider_handle.png */; };
		7782BD131D7CCCBC00B547F7 /* background.png in Resources */ = {isa = PBXBuildFile; fileRef = 7782BD121D7CCCBC00B547F7 /* background.png */; };
		8D01CCCE0486CAD60068D4B7 /* Carbon.framework in Frameworks */ = {isa = PBXBuildFile; fileRef = 08EA7FFBFE8413EDC02AAC07 /* Carbon.framework */; };
		F416981A09A9DDEA0033823E /* pluginview.cpp in Sources */ = {isa = PBXBuildFile; fileRef = F416981709A9DDEA0033823E /* pluginview.cpp */; };
		F416982309A9DE020033823E /* vstaudioeffect.cpp in Sources */ = {isa = PBXBuildFile; fileRef = F416981B09A9DE020033823E /* vstaudioeffect.cpp */; };
		F416982409A9DE020033823E /* vstcomponent.cpp in Sources */ = {isa = PBXBuildFile; fileRef = F416981D09A9DE020033823E /* vstcomponent.cpp */; };
		F416982509A9DE020033823E /* vstcomponentbase.cpp in Sources */ = {isa = PBXBuildFile; fileRef = F416981F09A9DE020033823E /* vstcomponentbase.cpp */; };
		F416982609A9DE020033823E /* vsteditcontroller.cpp in Sources */ = {isa = PBXBuildFile; fileRef = F416982109A9DE020033823E /* vsteditcontroller.cpp */; };
		F416983009A9DE3C0033823E /* funknown.cpp in Sources */ = {isa = PBXBuildFile; fileRef = F416982C09A9DE3C0033823E /* funknown.cpp */; };
		F416983109A9DE3C0033823E /* ustring.cpp in Sources */ = {isa = PBXBuildFile; fileRef = F416982E09A9DE3C0033823E /* ustring.cpp */; };
		F416984209A9DE970033823E /* macmain.cpp in Sources */ = {isa = PBXBuildFile; fileRef = F416983F09A9DE970033823E /* macmain.cpp */; };
		F421BBD80FDEB2BC00A10CFD /* evaluatorprocessor.cpp in Sources */ = {isa = PBXBuildFile; fileRef = F421BBD70FDEB2BC00A10CFD /* evaluatorprocessor.cpp */; };
		F44E2F7512B23CA400D5C220 /* exampletest.cpp in Sources */ = {isa = PBXBuildFile; fileRef = F44E2F7412B23CA400D5C220 /* exampletest.cpp */; };
		F46DCAC00DF574B300234D52 /* conststringtable.cpp in Sources */ = {isa = PBXBuildFile; fileRef = F46DCABF0DF574B300234D52 /* conststringtable.cpp */; };
		F48D04860FDEBC9600A08B86 /* evaluatorcontroller.cpp in Sources */ = {isa = PBXBuildFile; fileRef = F48D04850FDEBC9600A08B86 /* evaluatorcontroller.cpp */; };
		F48D048A0FDEBF1900A08B86 /* factory.cpp in Sources */ = {isa = PBXBuildFile; fileRef = F48D04890FDEBF1900A08B86 /* factory.cpp */; };
		F48F4C6B1855E0D80094DC92 /* libbase_libc++.a in Frameworks */ = {isa = PBXBuildFile; fileRef = F48F4C641855E0B30094DC92 /* libbase_libc++.a */; };
		F491A6F30D90189A00759819 /* vstbus.cpp in Sources */ = {isa = PBXBuildFile; fileRef = F491A6EF0D90189A00759819 /* vstbus.cpp */; };
		F491A6F40D90189A00759819 /* vstparameters.cpp in Sources */ = {isa = PBXBuildFile; fileRef = F491A6F10D90189A00759819 /* vstparameters.cpp */; };
		F49D894C1074CACF003EFE21 /* pluginfactoryvst3.cpp in Sources */ = {isa = PBXBuildFile; fileRef = F49D894A1074CACE003EFE21 /* pluginfactoryvst3.cpp */; };
		F4CFAB950E8A71A20043E468 /* Cocoa.framework in Frameworks */ = {isa = PBXBuildFile; fileRef = F4CFAB940E8A71A20043E468 /* Cocoa.framework */; };
/* End PBXBuildFile section */

/* Begin PBXContainerItemProxy section */
		F44E2F8512B23ECB00D5C220 /* PBXContainerItemProxy */ = {
			isa = PBXContainerItemProxy;
			containerPortal = F44E2F7E12B23ECB00D5C220 /* base.xcodeproj */;
			proxyType = 2;
			remoteGlobalIDString = D2AAC046055464E500DB518D;
			remoteInfo = base;
		};
		F48F4C631855E0B30094DC92 /* PBXContainerItemProxy */ = {
			isa = PBXContainerItemProxy;
			containerPortal = F44E2F7E12B23ECB00D5C220 /* base.xcodeproj */;
			proxyType = 2;
			remoteGlobalIDString = F4306DEB17DDC8800075E8C4;
			remoteInfo = "base_libc++";
		};
		F48F4C651855E0B30094DC92 /* PBXContainerItemProxy */ = {
			isa = PBXContainerItemProxy;
			containerPortal = F44E2F7E12B23ECB00D5C220 /* base.xcodeproj */;
			proxyType = 2;
			remoteGlobalIDString = F4128A5417EB4B0B00114E59;
			remoteInfo = base_ios;
		};
		F48F4C671855E0B30094DC92 /* PBXContainerItemProxy */ = {
			isa = PBXContainerItemProxy;
			containerPortal = F44E2F7E12B23ECB00D5C220 /* base.xcodeproj */;
			proxyType = 2;
			remoteGlobalIDString = F41CC3ED180C210300D209D0;
			remoteInfo = "base_codecoverage_libc++";
		};
		F48F4C691855E0D40094DC92 /* PBXContainerItemProxy */ = {
			isa = PBXContainerItemProxy;
			containerPortal = F44E2F7E12B23ECB00D5C220 /* base.xcodeproj */;
			proxyType = 1;
			remoteGlobalIDString = F4306DA817DDC8800075E8C4;
			remoteInfo = "base_libc++";
		};
		F49C1972156E77F700AD946F /* PBXContainerItemProxy */ = {
			isa = PBXContainerItemProxy;
			containerPortal = F44E2F7E12B23ECB00D5C220 /* base.xcodeproj */;
			proxyType = 2;
			remoteGlobalIDString = F412026A14C41F68008F9C84;
			remoteInfo = base_codecoverage;
		};
/* End PBXContainerItemProxy section */

/* Begin PBXCopyFilesBuildPhase section */
		776862B81DE8DB7900F115CB /* CopyFiles */ = {
			isa = PBXCopyFilesBuildPhase;
			buildActionMask = 2147483647;
			dstPath = /usr/share/man/man1/;
			dstSubfolderSpec = 0;
			files = (
			);
			runOnlyForDeploymentPostprocessing = 1;
		};
/* End PBXCopyFilesBuildPhase section */

/* Begin PBXFileReference section */
		08EA7FFBFE8413EDC02AAC07 /* Carbon.framework */ = {isa = PBXFileReference; lastKnownFileType = wrapper.framework; name = Carbon.framework; path = /System/Library/Frameworks/Carbon.framework; sourceTree = "<absolute>"; };
		32BAE0B30371A71500C91783 /* evaluator_Prefix.pch */ = {isa = PBXFileReference; fileEncoding = 4; lastKnownFileType = sourcecode.c.h; path = evaluator_Prefix.pch; sourceTree = "<group>"; };
		5810B8E61083557600EBDCF2 /* vstinitiids.cpp */ = {isa = PBXFileReference; fileEncoding = 30; lastKnownFileType = sourcecode.cpp.cpp; name = vstinitiids.cpp; path = ../../../../source/vst/vstinitiids.cpp; sourceTree = SOURCE_ROOT; };
		77261EB61D737DC600DD8053 /* expr_eval.hpp */ = {isa = PBXFileReference; lastKnownFileType = sourcecode.cpp.h; name = expr_eval.hpp; path = ../source/expr_eval.hpp; sourceTree = "<group>"; };
		7739F0AB1D7668610061B3F7 /* evaluatoreditor.cpp */ = {isa = PBXFileReference; fileEncoding = 4; lastKnownFileType = sourcecode.cpp.cpp; name = evaluatoreditor.cpp; path = ../source/evaluatoreditor.cpp; sourceTree = "<group>"; };
		7739F0AC1D7668610061B3F7 /* evaluatoreditor.hpp */ = {isa = PBXFileReference; fileEncoding = 4; lastKnownFileType = sourcecode.cpp.h; name = evaluatoreditor.hpp; path = ../source/evaluatoreditor.hpp; sourceTree = "<group>"; };
		7739F0CE1D766EC40061B3F7 /* vstgui_mac.mm */ = {isa = PBXFileReference; fileEncoding = 4; lastKnownFileType = sourcecode.cpp.objcpp; name = vstgui_mac.mm; path = ../../../../../vstgui4/vstgui/vstgui_mac.mm; sourceTree = "<group>"; };
		7739F0D01D766F410061B3F7 /* Accelerate.framework */ = {isa = PBXFileReference; lastKnownFileType = wrapper.framework; name = Accelerate.framework; path = System/Library/Frameworks/Accelerate.framework; sourceTree = SDKROOT; };
		7739F0D21D766F490061B3F7 /* OpenGL.framework */ = {isa = PBXFileReference; lastKnownFileType = wrapper.framework; name = OpenGL.framework; path = System/Library/Frameworks/OpenGL.framework; sourceTree = SDKROOT; };
		7739F0D41D766F530061B3F7 /* QuartzCore.framework */ = {isa = PBXFileReference; lastKnownFileType = wrapper.framework; name = QuartzCore.framework; path = System/Library/Frameworks/QuartzCore.framework; sourceTree = SDKROOT; };
		7739F0D81D7670760061B3F7 /* vst3editor.cpp */ = {isa = PBXFileReference; fileEncoding = 4; lastKnownFileType = sourcecode.cpp.cpp; name = vst3editor.cpp; path = "../../../../../vstgui4/vstgui/plugin-bindings/vst3editor.cpp"; sourceTree = "<group>"; };
		7739F0DA1D7670760061B3F7 /* vstgui_uidescription_mac.mm */ = {isa = PBXFileReference; fileEncoding = 4; lastKnownFileType = sourcecode.cpp.objcpp; name = vstgui_uidescription_mac.mm; path = ../../../../../vstgui4/vstgui/vstgui_uidescription_mac.mm; sourceTree = "<group>"; };
		7739F0DD1D7671300061B3F7 /* vst3editor.h */ = {isa = PBXFileReference; fileEncoding = 4; lastKnownFileType = sourcecode.c.h; name = vst3editor.h; path = "../../../../../vstgui4/vstgui/plugin-bindings/vst3editor.h"; sourceTree = "<group>"; };
		7739F0F71D7673730061B3F7 /* vstguieditor.cpp */ = {isa = PBXFileReference; fileEncoding = 4; lastKnownFileType = sourcecode.cpp.cpp; name = vstguieditor.cpp; path = ../../../../source/vst/vstguieditor.cpp; sourceTree = "<group>"; };
		7739F0F81D7673730061B3F7 /* vstguieditor.h */ = {isa = PBXFileReference; fileEncoding = 4; lastKnownFileType = sourcecode.c.h; name = vstguieditor.h; path = ../../../../source/vst/vstguieditor.h; sourceTree = "<group>"; };
		7739F11D1D7678120061B3F7 /* editor.uidesc */ = {isa = PBXFileReference; fileEncoding = 4; lastKnownFileType = text; path = editor.uidesc; sourceTree = "<group>"; };
		773FF2451E24869A0068595B /* numberbox_arrow_up.png */ = {isa = PBXFileReference; lastKnownFileType = image.png; name = numberbox_arrow_up.png; path = ../interface/numberbox_arrow_up.png; sourceTree = "<group>"; };
		773FF2461E24869B0068595B /* numberbox_arrow_down.png */ = {isa = PBXFileReference; lastKnownFileType = image.png; name = numberbox_arrow_down.png; path = ../interface/numberbox_arrow_down.png; sourceTree = "<group>"; };
		773FF2491E2490320068595B /* numberbox_background.png */ = {isa = PBXFileReference; lastKnownFileType = image.png; name = numberbox_background.png; path = ../interface/numberbox_background.png; sourceTree = "<group>"; };
		776862AF1DE8B6FA00F115CB /* expression.cpp */ = {isa = PBXFileReference; fileEncoding = 4; lastKnownFileType = sourcecode.cpp.cpp; name = expression.cpp; path = ../source/expression.cpp; sourceTree = "<group>"; };
		776862B01DE8B6FA00F115CB /* expression.hpp */ = {isa = PBXFileReference; fileEncoding = 4; lastKnownFileType = sourcecode.cpp.h; name = expression.hpp; path = ../source/expression.hpp; sourceTree = "<group>"; };
		776862BA1DE8DB7900F115CB /* expression_test */ = {isa = PBXFileReference; explicitFileType = "compiled.mach-o.executable"; includeInIndex = 0; path = expression_test; sourceTree = BUILT_PRODUCTS_DIR; };
		776862BC1DE8DB7900F115CB /* main.cpp */ = {isa = PBXFileReference; lastKnownFileType = sourcecode.cpp.cpp; path = main.cpp; sourceTree = "<group>"; };
		7782BD0A1D7C884700B547F7 /* vslider_background.png */ = {isa = PBXFileReference; lastKnownFileType = image.png; name = vslider_background.png; path = ../interface/vslider_background.png; sourceTree = "<group>"; };
		7782BD0B1D7C884700B547F7 /* vslider_handle.png */ = {isa = PBXFileReference; lastKnownFileType = image.png; name = vslider_handle.png; path = ../interface/vslider_handle.png; sourceTree = "<group>"; };
		7782BD121D7CCCBC00B547F7 /* background.png */ = {isa = PBXFileReference; lastKnownFileType = image.png; name = background.png; path = ../interface/background.png; sourceTree = "<group>"; };
		8D01CCD10486CAD60068D4B7 /* Info.plist */ = {isa = PBXFileReference; fileEncoding = 4; lastKnownFileType = text.plist; path = Info.plist; sourceTree = "<group>"; };
		8D01CCD20486CAD60068D4B7 /* evaluator.vst3 */ = {isa = PBXFileReference; explicitFileType = wrapper.cfbundle; includeInIndex = 0; path = evaluator.vst3; sourceTree = BUILT_PRODUCTS_DIR; };
		F416981709A9DDEA0033823E /* pluginview.cpp */ = {isa = PBXFileReference; fileEncoding = 30; lastKnownFileType = sourcecode.cpp.cpp; name = pluginview.cpp; path = ../../../../source/common/pluginview.cpp; sourceTree = SOURCE_ROOT; };
		F416981B09A9DE020033823E /* vstaudioeffect.cpp */ = {isa = PBXFileReference; fileEncoding = 30; lastKnownFileType = sourcecode.cpp.cpp; name = vstaudioeffect.cpp; path = ../../../../source/vst/vstaudioeffect.cpp; sourceTree = SOURCE_ROOT; };
		F416981C09A9DE020033823E /* vstaudioeffect.h */ = {isa = PBXFileReference; fileEncoding = 30; lastKnownFileType = sourcecode.c.h; name = vstaudioeffect.h; path = ../../../../source/vst/vstaudioeffect.h; sourceTree = SOURCE_ROOT; };
		F416981D09A9DE020033823E /* vstcomponent.cpp */ = {isa = PBXFileReference; fileEncoding = 30; lastKnownFileType = sourcecode.cpp.cpp; name = vstcomponent.cpp; path = ../../../../source/vst/vstcomponent.cpp; sourceTree = SOURCE_ROOT; };
		F416981E09A9DE020033823E /* vstcomponent.h */ = {isa = PBXFileReference; fileEncoding = 30; lastKnownFileType = sourcecode.c.h; name = vstcomponent.h; path = ../../../../source/vst/vstcomponent.h; sourceTree = SOURCE_ROOT; };
		F416981F09A9DE020033823E /* vstcomponentbase.cpp */ = {isa = PBXFileReference; fileEncoding = 30; lastKnownFileType = sourcecode.cpp.cpp; name = vstcomponentbase.cpp; path = ../../../../source/vst/vstcomponentbase.cpp; sourceTree = SOURCE_ROOT; };
		F416982009A9DE020033823E /* vstcomponentbase.h */ = {isa = PBXFileReference; fileEncoding = 30; lastKnownFileType = sourcecode.c.h; name = vstcomponentbase.h; path = ../../../../source/vst/vstcomponentbase.h; sourceTree = SOURCE_ROOT; };
		F416982109A9DE020033823E /* vsteditcontroller.cpp */ = {isa = PBXFileReference; fileEncoding = 30; lastKnownFileType = sourcecode.cpp.cpp; name = vsteditcontroller.cpp; path = ../../../../source/vst/vsteditcontroller.cpp; sourceTree = SOURCE_ROOT; };
		F416982209A9DE020033823E /* vsteditcontroller.h */ = {isa = PBXFileReference; fileEncoding = 30; lastKnownFileType = sourcecode.c.h; name = vsteditcontroller.h; path = ../../../../source/vst/vsteditcontroller.h; sourceTree = SOURCE_ROOT; };
		F416982A09A9DE1B0033823E /* pluginview.h */ = {isa = PBXFileReference; fileEncoding = 30; lastKnownFileType = sourcecode.c.h; name = pluginview.h; path = ../../../../source/common/pluginview.h; sourceTree = SOURCE_ROOT; };
		F416982C09A9DE3C0033823E /* funknown.cpp */ = {isa = PBXFileReference; fileEncoding = 30; lastKnownFileType = sourcecode.cpp.cpp; name = funknown.cpp; path = ../../../../../pluginterfaces/base/funknown.cpp; sourceTree = SOURCE_ROOT; };
		F416982D09A9DE3C0033823E /* funknown.h */ = {isa = PBXFileReference; fileEncoding = 30; lastKnownFileType = sourcecode.c.h; name = funknown.h; path = ../../../../../pluginterfaces/base/funknown.h; sourceTree = SOURCE_ROOT; };
		F416982E09A9DE3C0033823E /* ustring.cpp */ = {isa = PBXFileReference; fileEncoding = 30; lastKnownFileType = sourcecode.cpp.cpp; name = ustring.cpp; path = ../../../../../pluginterfaces/base/ustring.cpp; sourceTree = SOURCE_ROOT; };
		F416982F09A9DE3C0033823E /* ustring.h */ = {isa = PBXFileReference; fileEncoding = 30; lastKnownFileType = sourcecode.c.h; name = ustring.h; path = ../../../../../pluginterfaces/base/ustring.h; sourceTree = SOURCE_ROOT; };
		F416983F09A9DE970033823E /* macmain.cpp */ = {isa = PBXFileReference; fileEncoding = 30; lastKnownFileType = sourcecode.cpp.cpp; name = macmain.cpp; path = ../../../../source/main/macmain.cpp; sourceTree = SOURCE_ROOT; };
		F416986809A9DF2B0033823E /* QuickTime.framework */ = {isa = PBXFileReference; lastKnownFileType = wrapper.framework; name = QuickTime.framework; path = /System/Library/Frameworks/QuickTime.framework; sourceTree = "<absolute>"; };
		F421BBD60FDEB2BC00A10CFD /* evaluatorprocessor.h */ = {isa = PBXFileReference; fileEncoding = 4; lastKnownFileType = sourcecode.c.h; name = evaluatorprocessor.h; path = ../source/evaluatorprocessor.h; sourceTree = SOURCE_ROOT; };
		F421BBD70FDEB2BC00A10CFD /* evaluatorprocessor.cpp */ = {isa = PBXFileReference; fileEncoding = 4; lastKnownFileType = sourcecode.cpp.cpp; name = evaluatorprocessor.cpp; path = ../source/evaluatorprocessor.cpp; sourceTree = SOURCE_ROOT; };
		F43F05500C7DBC2B006D09AE /* ivstattributes.h */ = {isa = PBXFileReference; fileEncoding = 30; lastKnownFileType = sourcecode.c.h; name = ivstattributes.h; path = ../../../../../pluginterfaces/vst/ivstattributes.h; sourceTree = SOURCE_ROOT; };
		F43F05510C7DBC2B006D09AE /* ivstaudioprocessor.h */ = {isa = PBXFileReference; fileEncoding = 30; lastKnownFileType = sourcecode.c.h; name = ivstaudioprocessor.h; path = ../../../../../pluginterfaces/vst/ivstaudioprocessor.h; sourceTree = SOURCE_ROOT; };
		F43F05520C7DBC2B006D09AE /* ivstcomponent.h */ = {isa = PBXFileReference; fileEncoding = 30; lastKnownFileType = sourcecode.c.h; name = ivstcomponent.h; path = ../../../../../pluginterfaces/vst/ivstcomponent.h; sourceTree = SOURCE_ROOT; };
		F43F05530C7DBC2B006D09AE /* ivsteditcontroller.h */ = {isa = PBXFileReference; fileEncoding = 30; lastKnownFileType = sourcecode.c.h; name = ivsteditcontroller.h; path = ../../../../../pluginterfaces/vst/ivsteditcontroller.h; sourceTree = SOURCE_ROOT; };
		F43F05540C7DBC2B006D09AE /* ivstevents.h */ = {isa = PBXFileReference; fileEncoding = 30; lastKnownFileType = sourcecode.c.h; name = ivstevents.h; path = ../../../../../pluginterfaces/vst/ivstevents.h; sourceTree = SOURCE_ROOT; };
		F43F05550C7DBC2B006D09AE /* ivsthostapplication.h */ = {isa = PBXFileReference; fileEncoding = 30; lastKnownFileType = sourcecode.c.h; name = ivsthostapplication.h; path = ../../../../../pluginterfaces/vst/ivsthostapplication.h; sourceTree = SOURCE_ROOT; };
		F43F05560C7DBC2B006D09AE /* ivstmessage.h */ = {isa = PBXFileReference; fileEncoding = 30; lastKnownFileType = sourcecode.c.h; name = ivstmessage.h; path = ../../../../../pluginterfaces/vst/ivstmessage.h; sourceTree = SOURCE_ROOT; };
		F43F05570C7DBC2B006D09AE /* ivstmidicontrollers.h */ = {isa = PBXFileReference; fileEncoding = 30; lastKnownFileType = sourcecode.c.h; name = ivstmidicontrollers.h; path = ../../../../../pluginterfaces/vst/ivstmidicontrollers.h; sourceTree = SOURCE_ROOT; };
		F43F05580C7DBC2B006D09AE /* ivstparameterchanges.h */ = {isa = PBXFileReference; fileEncoding = 30; lastKnownFileType = sourcecode.c.h; name = ivstparameterchanges.h; path = ../../../../../pluginterfaces/vst/ivstparameterchanges.h; sourceTree = SOURCE_ROOT; };
		F43F05590C7DBC2B006D09AE /* ivstprocesscontext.h */ = {isa = PBXFileReference; fileEncoding = 30; lastKnownFileType = sourcecode.c.h; name = ivstprocesscontext.h; path = ../../../../../pluginterfaces/vst/ivstprocesscontext.h; sourceTree = SOURCE_ROOT; };
		F43F055A0C7DBC2B006D09AE /* ivstunits.h */ = {isa = PBXFileReference; fileEncoding = 30; lastKnownFileType = sourcecode.c.h; name = ivstunits.h; path = ../../../../../pluginterfaces/vst/ivstunits.h; sourceTree = SOURCE_ROOT; };
		F43F055C0C7DBC2B006D09AE /* vstpresetkeys.h */ = {isa = PBXFileReference; fileEncoding = 30; lastKnownFileType = sourcecode.c.h; name = vstpresetkeys.h; path = ../../../../../pluginterfaces/vst/vstpresetkeys.h; sourceTree = SOURCE_ROOT; };
		F43F055D0C7DBC2B006D09AE /* vsttypes.h */ = {isa = PBXFileReference; fileEncoding = 30; lastKnownFileType = sourcecode.c.h; name = vsttypes.h; path = ../../../../../pluginterfaces/vst/vsttypes.h; sourceTree = SOURCE_ROOT; };
		F449345E1018A37B00C2A94A /* evaluator.xcconfig */ = {isa = PBXFileReference; fileEncoding = 4; lastKnownFileType = text.xcconfig; name = evaluator.xcconfig; path = config/evaluator.xcconfig; sourceTree = "<group>"; };
		F449345F1018A37B00C2A94A /* debug.xcconfig */ = {isa = PBXFileReference; fileEncoding = 4; lastKnownFileType = text.xcconfig; name = debug.xcconfig; path = config/debug.xcconfig; sourceTree = "<group>"; };
		F44934601018A37B00C2A94A /* release.xcconfig */ = {isa = PBXFileReference; fileEncoding = 4; lastKnownFileType = text.xcconfig; name = release.xcconfig; path = config/release.xcconfig; sourceTree = "<group>"; };
		F44E2F7312B23CA400D5C220 /* exampletest.h */ = {isa = PBXFileReference; fileEncoding = 4; lastKnownFileType = sourcecode.c.h; name = exampletest.h; path = ../source/exampletest.h; sourceTree = SOURCE_ROOT; };
		F44E2F7412B23CA400D5C220 /* exampletest.cpp */ = {isa = PBXFileReference; fileEncoding = 4; lastKnownFileType = sourcecode.cpp.cpp; name = exampletest.cpp; path = ../source/exampletest.cpp; sourceTree = SOURCE_ROOT; };
		F44E2F7E12B23ECB00D5C220 /* base.xcodeproj */ = {isa = PBXFileReference; lastKnownFileType = "wrapper.pb-project"; name = base.xcodeproj; path = ../../../../../base/mac/base.xcodeproj; sourceTree = SOURCE_ROOT; };
		F46786950D32425E009E4391 /* fplatform.h */ = {isa = PBXFileReference; fileEncoding = 30; lastKnownFileType = sourcecode.c.h; name = fplatform.h; path = ../../../../../pluginterfaces/base/fplatform.h; sourceTree = SOURCE_ROOT; };
		F46786970D32425E009E4391 /* ftypes.h */ = {isa = PBXFileReference; fileEncoding = 30; lastKnownFileType = sourcecode.c.h; name = ftypes.h; path = ../../../../../pluginterfaces/base/ftypes.h; sourceTree = SOURCE_ROOT; };
		F46DCAAD0DF574A400234D52 /* conststringtable.h */ = {isa = PBXFileReference; fileEncoding = 4; lastKnownFileType = sourcecode.c.h; name = conststringtable.h; path = ../../../../../pluginterfaces/base/conststringtable.h; sourceTree = SOURCE_ROOT; };
		F46DCABF0DF574B300234D52 /* conststringtable.cpp */ = {isa = PBXFileReference; fileEncoding = 4; lastKnownFileType = sourcecode.cpp.cpp; name = conststringtable.cpp; path = ../../../../../pluginterfaces/base/conststringtable.cpp; sourceTree = SOURCE_ROOT; };
		F48D04840FDEBC9600A08B86 /* evaluatorcontroller.h */ = {isa = PBXFileReference; fileEncoding = 4; lastKnownFileType = sourcecode.c.h; name = evaluatorcontroller.h; path = ../source/evaluatorcontroller.h; sourceTree = SOURCE_ROOT; };
		F48D04850FDEBC9600A08B86 /* evaluatorcontroller.cpp */ = {isa = PBXFileReference; fileEncoding = 4; lastKnownFileType = sourcecode.cpp.cpp; name = evaluatorcontroller.cpp; path = ../source/evaluatorcontroller.cpp; sourceTree = SOURCE_ROOT; };
		F48D04870FDEBE6900A08B86 /* evaluatorids.h */ = {isa = PBXFileReference; fileEncoding = 4; lastKnownFileType = sourcecode.c.h; name = evaluatorids.h; path = ../source/evaluatorids.h; sourceTree = SOURCE_ROOT; };
		F48D04890FDEBF1900A08B86 /* factory.cpp */ = {isa = PBXFileReference; fileEncoding = 4; lastKnownFileType = sourcecode.cpp.cpp; name = factory.cpp; path = ../source/factory.cpp; sourceTree = SOURCE_ROOT; };
		F491A6EF0D90189A00759819 /* vstbus.cpp */ = {isa = PBXFileReference; fileEncoding = 30; lastKnownFileType = sourcecode.cpp.cpp; name = vstbus.cpp; path = ../../../../source/vst/vstbus.cpp; sourceTree = SOURCE_ROOT; };
		F491A6F00D90189A00759819 /* vstbus.h */ = {isa = PBXFileReference; fileEncoding = 30; lastKnownFileType = sourcecode.c.h; name = vstbus.h; path = ../../../../source/vst/vstbus.h; sourceTree = SOURCE_ROOT; };
		F491A6F10D90189A00759819 /* vstparameters.cpp */ = {isa = PBXFileReference; fileEncoding = 30; lastKnownFileType = sourcecode.cpp.cpp; name = vstparameters.cpp; path = ../../../../source/vst/vstparameters.cpp; sourceTree = SOURCE_ROOT; };
		F491A6F20D90189A00759819 /* vstparameters.h */ = {isa = PBXFileReference; fileEncoding = 30; lastKnownFileType = sourcecode.c.h; name = vstparameters.h; path = ../../../../source/vst/vstparameters.h; sourceTree = SOURCE_ROOT; };
		F49D894A1074CACE003EFE21 /* pluginfactoryvst3.cpp */ = {isa = PBXFileReference; fileEncoding = 4; lastKnownFileType = sourcecode.cpp.cpp; name = pluginfactoryvst3.cpp; path = ../../../../source/main/pluginfactoryvst3.cpp; sourceTree = SOURCE_ROOT; };
		F49D894B1074CACF003EFE21 /* pluginfactoryvst3.h */ = {isa = PBXFileReference; fileEncoding = 4; lastKnownFileType = sourcecode.c.h; name = pluginfactoryvst3.h; path = ../../../../source/main/pluginfactoryvst3.h; sourceTree = SOURCE_ROOT; };
		F4CFAB940E8A71A20043E468 /* Cocoa.framework */ = {isa = PBXFileReference; lastKnownFileType = wrapper.framework; name = Cocoa.framework; path = /System/Library/Frameworks/Cocoa.framework; sourceTree = "<absolute>"; };
		F4CFAC210E8A789D0043E468 /* iplugview.h */ = {isa = PBXFileReference; fileEncoding = 4; lastKnownFileType = sourcecode.c.h; name = iplugview.h; path = ../../../../../pluginterfaces/gui/iplugview.h; sourceTree = SOURCE_ROOT; };
/* End PBXFileReference section */

/* Begin PBXFrameworksBuildPhase section */
		776862B71DE8DB7900F115CB /* Frameworks */ = {
			isa = PBXFrameworksBuildPhase;
			buildActionMask = 2147483647;
			files = (
			);
			runOnlyForDeploymentPostprocessing = 0;
		};
		8D01CCCD0486CAD60068D4B7 /* Frameworks */ = {
			isa = PBXFrameworksBuildPhase;
			buildActionMask = 2147483647;
			files = (
				7739F0D51D766F530061B3F7 /* QuartzCore.framework in Frameworks */,
				7739F0D31D766F490061B3F7 /* OpenGL.framework in Frameworks */,
				7739F0D11D766F410061B3F7 /* Accelerate.framework in Frameworks */,
				F48F4C6B1855E0D80094DC92 /* libbase_libc++.a in Frameworks */,
				8D01CCCE0486CAD60068D4B7 /* Carbon.framework in Frameworks */,
				F4CFAB950E8A71A20043E468 /* Cocoa.framework in Frameworks */,
			);
			runOnlyForDeploymentPostprocessing = 0;
		};
/* End PBXFrameworksBuildPhase section */

/* Begin PBXGroup section */
		089C166AFE841209C02AAC07 /* again */ = {
			isa = PBXGroup;
			children = (
				F44E2F7E12B23ECB00D5C220 /* base.xcodeproj */,
				F449345C1018A36F00C2A94A /* config */,
				08FB77ADFE841716C02AAC07 /* Source */,
				089C167CFE841241C02AAC07 /* Resources */,
				089C1671FE841209C02AAC07 /* External Frameworks and Libraries */,
				776862BB1DE8DB7900F115CB /* expression_test */,
				19C28FB4FE9D528D11CA2CBB /* Products */,
			);
			name = again;
			sourceTree = "<group>";
		};
		089C1671FE841209C02AAC07 /* External Frameworks and Libraries */ = {
			isa = PBXGroup;
			children = (
				7739F0D41D766F530061B3F7 /* QuartzCore.framework */,
				7739F0D21D766F490061B3F7 /* OpenGL.framework */,
				7739F0D01D766F410061B3F7 /* Accelerate.framework */,
				F4CFAB940E8A71A20043E468 /* Cocoa.framework */,
				F416986809A9DF2B0033823E /* QuickTime.framework */,
				08EA7FFBFE8413EDC02AAC07 /* Carbon.framework */,
			);
			name = "External Frameworks and Libraries";
			sourceTree = "<group>";
		};
		089C167CFE841241C02AAC07 /* Resources */ = {
			isa = PBXGroup;
			children = (
				773FF2491E2490320068595B /* numberbox_background.png */,
				773FF2451E24869A0068595B /* numberbox_arrow_up.png */,
				773FF2461E24869B0068595B /* numberbox_arrow_down.png */,
				7782BD121D7CCCBC00B547F7 /* background.png */,
				7782BD0A1D7C884700B547F7 /* vslider_background.png */,
				7782BD0B1D7C884700B547F7 /* vslider_handle.png */,
				8D01CCD10486CAD60068D4B7 /* Info.plist */,
				7739F11D1D7678120061B3F7 /* editor.uidesc */,
			);
			name = Resources;
			sourceTree = "<group>";
		};
		08FB77ADFE841716C02AAC07 /* Source */ = {
			isa = PBXGroup;
			children = (
				7739F0C61D766A280061B3F7 /* vstgui */,
				F416981109A9DD4F0033823E /* vst3.sdk */,
				32BAE0B30371A71500C91783 /* evaluator_Prefix.pch */,
				F48D04850FDEBC9600A08B86 /* evaluatorcontroller.cpp */,
				F48D04840FDEBC9600A08B86 /* evaluatorcontroller.h */,
				776862AF1DE8B6FA00F115CB /* expression.cpp */,
				776862B01DE8B6FA00F115CB /* expression.hpp */,
				F48D04870FDEBE6900A08B86 /* evaluatorids.h */,
				F421BBD70FDEB2BC00A10CFD /* evaluatorprocessor.cpp */,
				F421BBD60FDEB2BC00A10CFD /* evaluatorprocessor.h */,
				F48D04890FDEBF1900A08B86 /* factory.cpp */,
				F44E2F7312B23CA400D5C220 /* exampletest.h */,
				F44E2F7412B23CA400D5C220 /* exampletest.cpp */,
				77261EB61D737DC600DD8053 /* expr_eval.hpp */,
				7739F0AB1D7668610061B3F7 /* evaluatoreditor.cpp */,
				7739F0AC1D7668610061B3F7 /* evaluatoreditor.hpp */,
			);
			name = Source;
			sourceTree = "<group>";
		};
		19C28FB4FE9D528D11CA2CBB /* Products */ = {
			isa = PBXGroup;
			children = (
				8D01CCD20486CAD60068D4B7 /* evaluator.vst3 */,
				776862BA1DE8DB7900F115CB /* expression_test */,
			);
			name = Products;
			sourceTree = "<group>";
		};
		7739F0C61D766A280061B3F7 /* vstgui */ = {
			isa = PBXGroup;
			children = (
				7739F0DD1D7671300061B3F7 /* vst3editor.h */,
				7739F0D81D7670760061B3F7 /* vst3editor.cpp */,
				7739F0DA1D7670760061B3F7 /* vstgui_uidescription_mac.mm */,
				7739F0CE1D766EC40061B3F7 /* vstgui_mac.mm */,
			);
			name = vstgui;
			sourceTree = "<group>";
		};
		776862BB1DE8DB7900F115CB /* expression_test */ = {
			isa = PBXGroup;
			children = (
				776862BC1DE8DB7900F115CB /* main.cpp */,
			);
			path = expression_test;
			sourceTree = "<group>";
		};
		F416981109A9DD4F0033823E /* vst3.sdk */ = {
			isa = PBXGroup;
			children = (
				F416981309A9DD670033823E /* public.sdk */,
				F416981209A9DD610033823E /* pluginterfaces */,
			);
			name = vst3.sdk;
			sourceTree = "<group>";
		};
		F416981209A9DD610033823E /* pluginterfaces */ = {
			isa = PBXGroup;
			children = (
				F43F05430C7DBC0D006D09AE /* base */,
				F4CFAC1C0E8A78910043E468 /* gui */,
				F43F055E0C7DBC2E006D09AE /* vst */,
			);
			name = pluginterfaces;
			sourceTree = "<group>";
		};
		F416981309A9DD670033823E /* public.sdk */ = {
			isa = PBXGroup;
			children = (
				F416981409A9DDDA0033823E /* common */,
				F416983A09A9DE810033823E /* main */,
				F416982709A9DE040033823E /* vst */,
			);
			name = public.sdk;
			sourceTree = "<group>";
		};
		F416981409A9DDDA0033823E /* common */ = {
			isa = PBXGroup;
			children = (
				F416981709A9DDEA0033823E /* pluginview.cpp */,
				F416982A09A9DE1B0033823E /* pluginview.h */,
			);
			name = common;
			sourceTree = "<group>";
		};
		F416982709A9DE040033823E /* vst */ = {
			isa = PBXGroup;
			children = (
				7739F0F71D7673730061B3F7 /* vstguieditor.cpp */,
				7739F0F81D7673730061B3F7 /* vstguieditor.h */,
				5810B8E61083557600EBDCF2 /* vstinitiids.cpp */,
				F416981B09A9DE020033823E /* vstaudioeffect.cpp */,
				F416981C09A9DE020033823E /* vstaudioeffect.h */,
				F491A6EF0D90189A00759819 /* vstbus.cpp */,
				F491A6F00D90189A00759819 /* vstbus.h */,
				F416981D09A9DE020033823E /* vstcomponent.cpp */,
				F416981E09A9DE020033823E /* vstcomponent.h */,
				F416981F09A9DE020033823E /* vstcomponentbase.cpp */,
				F416982009A9DE020033823E /* vstcomponentbase.h */,
				F416982109A9DE020033823E /* vsteditcontroller.cpp */,
				F416982209A9DE020033823E /* vsteditcontroller.h */,
				F491A6F10D90189A00759819 /* vstparameters.cpp */,
				F491A6F20D90189A00759819 /* vstparameters.h */,
			);
			name = vst;
			sourceTree = "<group>";
		};
		F416983A09A9DE810033823E /* main */ = {
			isa = PBXGroup;
			children = (
				F416983F09A9DE970033823E /* macmain.cpp */,
				F49D894A1074CACE003EFE21 /* pluginfactoryvst3.cpp */,
				F49D894B1074CACF003EFE21 /* pluginfactoryvst3.h */,
			);
			name = main;
			sourceTree = "<group>";
		};
		F43F05430C7DBC0D006D09AE /* base */ = {
			isa = PBXGroup;
			children = (
				F46DCABF0DF574B300234D52 /* conststringtable.cpp */,
				F46DCAAD0DF574A400234D52 /* conststringtable.h */,
				F46786950D32425E009E4391 /* fplatform.h */,
				F46786970D32425E009E4391 /* ftypes.h */,
				F416982C09A9DE3C0033823E /* funknown.cpp */,
				F416982D09A9DE3C0033823E /* funknown.h */,
				F416982E09A9DE3C0033823E /* ustring.cpp */,
				F416982F09A9DE3C0033823E /* ustring.h */,
			);
			name = base;
			sourceTree = "<group>";
		};
		F43F055E0C7DBC2E006D09AE /* vst */ = {
			isa = PBXGroup;
			children = (
				F43F05500C7DBC2B006D09AE /* ivstattributes.h */,
				F43F05510C7DBC2B006D09AE /* ivstaudioprocessor.h */,
				F43F05520C7DBC2B006D09AE /* ivstcomponent.h */,
				F43F05530C7DBC2B006D09AE /* ivsteditcontroller.h */,
				F43F05540C7DBC2B006D09AE /* ivstevents.h */,
				F43F05550C7DBC2B006D09AE /* ivsthostapplication.h */,
				F43F05560C7DBC2B006D09AE /* ivstmessage.h */,
				F43F05570C7DBC2B006D09AE /* ivstmidicontrollers.h */,
				F43F05580C7DBC2B006D09AE /* ivstparameterchanges.h */,
				F43F05590C7DBC2B006D09AE /* ivstprocesscontext.h */,
				F43F055A0C7DBC2B006D09AE /* ivstunits.h */,
				F43F055C0C7DBC2B006D09AE /* vstpresetkeys.h */,
				F43F055D0C7DBC2B006D09AE /* vsttypes.h */,
			);
			name = vst;
			sourceTree = "<group>";
		};
		F449345C1018A36F00C2A94A /* config */ = {
			isa = PBXGroup;
			children = (
				F449345E1018A37B00C2A94A /* evaluator.xcconfig */,
				F449345F1018A37B00C2A94A /* debug.xcconfig */,
				F44934601018A37B00C2A94A /* release.xcconfig */,
			);
			name = config;
			sourceTree = "<group>";
		};
		F44E2F7F12B23ECB00D5C220 /* Products */ = {
			isa = PBXGroup;
			children = (
				F44E2F8612B23ECB00D5C220 /* libbase_stdc++.a */,
				F48F4C641855E0B30094DC92 /* libbase_libc++.a */,
				F48F4C661855E0B30094DC92 /* libbase_ios.a */,
				F49C1973156E77F700AD946F /* libbase_codecoverage_stdc++.a */,
				F48F4C681855E0B30094DC92 /* libbase_codecoverage_libc++.a */,
			);
			name = Products;
			sourceTree = "<group>";
		};
		F4CFAC1C0E8A78910043E468 /* gui */ = {
			isa = PBXGroup;
			children = (
				F4CFAC210E8A789D0043E468 /* iplugview.h */,
			);
			name = gui;
			sourceTree = "<group>";
		};
/* End PBXGroup section */

/* Begin PBXNativeTarget section */
		776862B91DE8DB7900F115CB /* expression_test */ = {
			isa = PBXNativeTarget;
			buildConfigurationList = 776862BE1DE8DB7900F115CB /* Build configuration list for PBXNativeTarget "expression_test" */;
			buildPhases = (
				776862B61DE8DB7900F115CB /* Sources */,
				776862B71DE8DB7900F115CB /* Frameworks */,
				776862B81DE8DB7900F115CB /* CopyFiles */,
			);
			buildRules = (
			);
			dependencies = (
			);
			name = expression_test;
			productName = expression_test;
			productReference = 776862BA1DE8DB7900F115CB /* expression_test */;
			productType = "com.apple.product-type.tool";
		};
		8D01CCC60486CAD60068D4B7 /* evaluator */ = {
			isa = PBXNativeTarget;
			buildConfigurationList = 4FADC23308B4156C00ABE55E /* Build configuration list for PBXNativeTarget "evaluator" */;
			buildPhases = (
				8D01CCC90486CAD60068D4B7 /* Resources */,
				8D01CCCB0486CAD60068D4B7 /* Sources */,
				8D01CCCD0486CAD60068D4B7 /* Frameworks */,
				F44C5733100CACD100D03421 /* Make Symbolic Link */,
				F44E2FAA12B2415E00D5C220 /* Run vstvalidator */,
			);
			buildRules = (
			);
			dependencies = (
				F48F4C6A1855E0D40094DC92 /* PBXTargetDependency */,
			);
			name = evaluator;
			productInstallPath = "$(HOME)/Library/Bundles";
			productName = again;
			productReference = 8D01CCD20486CAD60068D4B7 /* evaluator.vst3 */;
			productType = "com.apple.product-type.bundle";
		};
/* End PBXNativeTarget section */

/* Begin PBXProject section */
		089C1669FE841209C02AAC07 /* Project object */ = {
			isa = PBXProject;
			attributes = {
				TargetAttributes = {
					776862B91DE8DB7900F115CB = {
						CreatedOnToolsVersion = 7.2;
					};
				};
			};
			buildConfigurationList = 4FADC23708B4156C00ABE55E /* Build configuration list for PBXProject "evaluator" */;
			compatibilityVersion = "Xcode 3.0";
			developmentRegion = English;
			hasScannedForEncodings = 1;
			knownRegions = (
				English,
				Japanese,
				French,
				German,
			);
			mainGroup = 089C166AFE841209C02AAC07 /* again */;
			projectDirPath = "";
			projectReferences = (
				{
					ProductGroup = F44E2F7F12B23ECB00D5C220 /* Products */;
					ProjectRef = F44E2F7E12B23ECB00D5C220 /* base.xcodeproj */;
				},
			);
			projectRoot = "";
			targets = (
				8D01CCC60486CAD60068D4B7 /* evaluator */,
				776862B91DE8DB7900F115CB /* expression_test */,
			);
		};
/* End PBXProject section */

/* Begin PBXReferenceProxy section */
		F44E2F8612B23ECB00D5C220 /* libbase_stdc++.a */ = {
			isa = PBXReferenceProxy;
			fileType = archive.ar;
			path = "libbase_stdc++.a";
			remoteRef = F44E2F8512B23ECB00D5C220 /* PBXContainerItemProxy */;
			sourceTree = BUILT_PRODUCTS_DIR;
		};
		F48F4C641855E0B30094DC92 /* libbase_libc++.a */ = {
			isa = PBXReferenceProxy;
			fileType = archive.ar;
			path = "libbase_libc++.a";
			remoteRef = F48F4C631855E0B30094DC92 /* PBXContainerItemProxy */;
			sourceTree = BUILT_PRODUCTS_DIR;
		};
		F48F4C661855E0B30094DC92 /* libbase_ios.a */ = {
			isa = PBXReferenceProxy;
			fileType = archive.ar;
			path = libbase_ios.a;
			remoteRef = F48F4C651855E0B30094DC92 /* PBXContainerItemProxy */;
			sourceTree = BUILT_PRODUCTS_DIR;
		};
		F48F4C681855E0B30094DC92 /* libbase_codecoverage_libc++.a */ = {
			isa = PBXReferenceProxy;
			fileType = archive.ar;
			path = "libbase_codecoverage_libc++.a";
			remoteRef = F48F4C671855E0B30094DC92 /* PBXContainerItemProxy */;
			sourceTree = BUILT_PRODUCTS_DIR;
		};
		F49C1973156E77F700AD946F /* libbase_codecoverage_stdc++.a */ = {
			isa = PBXReferenceProxy;
			fileType = archive.ar;
			path = "libbase_codecoverage_stdc++.a";
			remoteRef = F49C1972156E77F700AD946F /* PBXContainerItemProxy */;
			sourceTree = BUILT_PRODUCTS_DIR;
		};
/* End PBXReferenceProxy section */

/* Begin PBXResourcesBuildPhase section */
		8D01CCC90486CAD60068D4B7 /* Resources */ = {
			isa = PBXResourcesBuildPhase;
			buildActionMask = 2147483647;
			files = (
				773FF2471E24869B0068595B /* numberbox_arrow_up.png in Resources */,
				7739F11E1D7678120061B3F7 /* editor.uidesc in Resources */,
				773FF24A1E2490320068595B /* numberbox_background.png in Resources */,
				7782BD131D7CCCBC00B547F7 /* background.png in Resources */,
				7782BD0D1D7C884700B547F7 /* vslider_handle.png in Resources */,
				773FF2481E24869B0068595B /* numberbox_arrow_down.png in Resources */,
				7782BD0C1D7C884700B547F7 /* vslider_background.png in Resources */,
			);
			runOnlyForDeploymentPostprocessing = 0;
		};
/* End PBXResourcesBuildPhase section */

/* Begin PBXShellScriptBuildPhase section */
		F44C5733100CACD100D03421 /* Make Symbolic Link */ = {
			isa = PBXShellScriptBuildPhase;
			buildActionMask = 2147483647;
			files = (
			);
			inputPaths = (
			);
			name = "Make Symbolic Link";
			outputPaths = (
			);
			runOnlyForDeploymentPostprocessing = 0;
			shellPath = /bin/sh;
			shellScript = "source ../../mac/make_vst3_symbolic_link.sh\n";
		};
		F44E2FAA12B2415E00D5C220 /* Run vstvalidator */ = {
			isa = PBXShellScriptBuildPhase;
			buildActionMask = 2147483647;
			files = (
			);
			inputPaths = (
			);
			name = "Run vstvalidator";
			outputPaths = (
			);
			runOnlyForDeploymentPostprocessing = 0;
			shellPath = /bin/sh;
			shellScript = "# script for running automatic tests via vstvalidator after building\nif [[ \"$CONFIGURATION\" == \"Debug\" ]]\nthen\n\tif [ -e ../../validator/mac/build/Debug/vstvalidator ]\n\tthen\n\t\tcd ../../validator/mac/build/Debug/\n\t\t./vstvalidator \"$BUILT_PRODUCTS_DIR/$WRAPPER_NAME\"\n\telif [ -e ../../validator/mac/build/Release/vstvalidator ]\n\tthen\n\t\tcd ../../validator/mac/build/Release/\n\t\t./vstvalidator \"$BUILT_PRODUCTS_DIR/$WRAPPER_NAME\"\n\tfi\nfi\n";
		};
/* End PBXShellScriptBuildPhase section */

/* Begin PBXSourcesBuildPhase section */
		776862B61DE8DB7900F115CB /* Sources */ = {
			isa = PBXSourcesBuildPhase;
			buildActionMask = 2147483647;
			files = (
				776862C11DE8DB9E00F115CB /* expression.cpp in Sources */,
				776862C21DE8DB9E00F115CB /* expression.hpp in Sources */,
				776862BD1DE8DB7900F115CB /* main.cpp in Sources */,
			);
			runOnlyForDeploymentPostprocessing = 0;
		};
		8D01CCCB0486CAD60068D4B7 /* Sources */ = {
			isa = PBXSourcesBuildPhase;
			buildActionMask = 2147483647;
			files = (
				F416981A09A9DDEA0033823E /* pluginview.cpp in Sources */,
				F416982309A9DE020033823E /* vstaudioeffect.cpp in Sources */,
				7739F0DB1D7670760061B3F7 /* vst3editor.cpp in Sources */,
				F416982409A9DE020033823E /* vstcomponent.cpp in Sources */,
				F416982509A9DE020033823E /* vstcomponentbase.cpp in Sources */,
				F416982609A9DE020033823E /* vsteditcontroller.cpp in Sources */,
				F416983009A9DE3C0033823E /* funknown.cpp in Sources */,
				7739F0CF1D766EC40061B3F7 /* vstgui_mac.mm in Sources */,
				F416983109A9DE3C0033823E /* ustring.cpp in Sources */,
				F416984209A9DE970033823E /* macmain.cpp in Sources */,
				F491A6F30D90189A00759819 /* vstbus.cpp in Sources */,
				776862B11DE8B6FA00F115CB /* expression.cpp in Sources */,
				F491A6F40D90189A00759819 /* vstparameters.cpp in Sources */,
				F46DCAC00DF574B300234D52 /* conststringtable.cpp in Sources */,
				F421BBD80FDEB2BC00A10CFD /* evaluatorprocessor.cpp in Sources */,
				7739F0AD1D7668610061B3F7 /* evaluatoreditor.cpp in Sources */,
				F48D04860FDEBC9600A08B86 /* evaluatorcontroller.cpp in Sources */,
				F48D048A0FDEBF1900A08B86 /* factory.cpp in Sources */,
				F49D894C1074CACF003EFE21 /* pluginfactoryvst3.cpp in Sources */,
				7739F0F91D7673730061B3F7 /* vstguieditor.cpp in Sources */,
				7739F0DC1D7670760061B3F7 /* vstgui_uidescription_mac.mm in Sources */,
				5810B8E71083557600EBDCF2 /* vstinitiids.cpp in Sources */,
				F44E2F7512B23CA400D5C220 /* exampletest.cpp in Sources */,
			);
			runOnlyForDeploymentPostprocessing = 0;
		};
/* End PBXSourcesBuildPhase section */

/* Begin PBXTargetDependency section */
		F48F4C6A1855E0D40094DC92 /* PBXTargetDependency */ = {
			isa = PBXTargetDependency;
			name = "base_libc++";
			targetProxy = F48F4C691855E0D40094DC92 /* PBXContainerItemProxy */;
		};
/* End PBXTargetDependency section */

/* Begin XCBuildConfiguration section */
		4FADC23408B4156C00ABE55E /* Debug */ = {
			isa = XCBuildConfiguration;
			baseConfigurationReference = F449345E1018A37B00C2A94A /* evaluator.xcconfig */;
			buildSettings = {
				GCC_OPTIMIZATION_LEVEL = 3;
				GCC_PREFIX_HEADER = evaluator_Prefix.pch;
				GCC_PREPROCESSOR_DEFINITIONS = (
					"$(SMTG_BASE_PREPROCESSOR_DEFINITIONS)",
					"VSTGUI_LIVE_EDITOR=1",
				);
				HEADER_SEARCH_PATHS = (
					../../../../../,
					../../../../../vstgui4/,
				);
				PRODUCT_NAME = evaluator;
			};
			name = Debug;
		};
		4FADC23508B4156C00ABE55E /* Release */ = {
			isa = XCBuildConfiguration;
			baseConfigurationReference = F449345E1018A37B00C2A94A /* evaluator.xcconfig */;
			buildSettings = {
				GCC_PREFIX_HEADER = evaluator_Prefix.pch;
				HEADER_SEARCH_PATHS = (
					../../../../../,
					../../../../../vstgui4/,
				);
				PRODUCT_NAME = evaluator;
			};
			name = Release;
		};
		4FADC23808B4156C00ABE55E /* Debug */ = {
			isa = XCBuildConfiguration;
			baseConfigurationReference = F449345F1018A37B00C2A94A /* debug.xcconfig */;
			buildSettings = {
			};
			name = Debug;
		};
		4FADC23908B4156C00ABE55E /* Release */ = {
			isa = XCBuildConfiguration;
			baseConfigurationReference = F44934601018A37B00C2A94A /* release.xcconfig */;
			buildSettings = {
			};
			name = Release;
		};
		776862BF1DE8DB7900F115CB /* Debug */ = {
			isa = XCBuildConfiguration;
			buildSettings = {
				ALWAYS_SEARCH_USER_PATHS = NO;
				CLANG_CXX_LANGUAGE_STANDARD = "gnu++0x";
				CLANG_CXX_LIBRARY = "libc++";
				CLANG_ENABLE_MODULES = YES;
				CLANG_ENABLE_OBJC_ARC = YES;
				CLANG_WARN_BOOL_CONVERSION = YES;
				CLANG_WARN_CONSTANT_CONVERSION = YES;
				CLANG_WARN_DIRECT_OBJC_ISA_USAGE = YES_ERROR;
				CLANG_WARN_EMPTY_BODY = YES;
				CLANG_WARN_ENUM_CONVERSION = YES;
				CLANG_WARN_INT_CONVERSION = YES;
				CLANG_WARN_OBJC_ROOT_CLASS = YES_ERROR;
				CLANG_WARN_UNREACHABLE_CODE = YES;
				CLANG_WARN__DUPLICATE_METHOD_MATCH = YES;
				CODE_SIGN_IDENTITY = "-";
				COPY_PHASE_STRIP = NO;
				DEBUG_INFORMATION_FORMAT = dwarf;
				ENABLE_STRICT_OBJC_MSGSEND = YES;
				ENABLE_TESTABILITY = YES;
				GCC_C_LANGUAGE_STANDARD = gnu99;
				GCC_DYNAMIC_NO_PIC = NO;
				GCC_NO_COMMON_BLOCKS = YES;
				GCC_OPTIMIZATION_LEVEL = 3;
				GCC_PREPROCESSOR_DEFINITIONS = (
					"DEBUG=1",
					"$(inherited)",
				);
				GCC_WARN_64_TO_32_BIT_CONVERSION = YES;
				GCC_WARN_ABOUT_RETURN_TYPE = YES_ERROR;
				GCC_WARN_UNDECLARED_SELECTOR = YES;
				GCC_WARN_UNINITIALIZED_AUTOS = YES_AGGRESSIVE;
				GCC_WARN_UNUSED_FUNCTION = YES;
				GCC_WARN_UNUSED_VARIABLE = YES;
				MACOSX_DEPLOYMENT_TARGET = 10.10;
				MTL_ENABLE_DEBUG_INFO = YES;
				ONLY_ACTIVE_ARCH = YES;
				PRODUCT_NAME = "$(TARGET_NAME)";
				SDKROOT = macosx;
			};
			name = Debug;
		};
		776862C01DE8DB7900F115CB /* Release */ = {
			isa = XCBuildConfiguration;
			buildSettings = {
				ALWAYS_SEARCH_USER_PATHS = NO;
				CLANG_CXX_LANGUAGE_STANDARD = "gnu++0x";
				CLANG_CXX_LIBRARY = "libc++";
				CLANG_ENABLE_MODULES = YES;
				CLANG_ENABLE_OBJC_ARC = YES;
				CLANG_WARN_BOOL_CONVERSION = YES;
				CLANG_WARN_CONSTANT_CONVERSION = YES;
				CLANG_WARN_DIRECT_OBJC_ISA_USAGE = YES_ERROR;
				CLANG_WARN_EMPTY_BODY = YES;
				CLANG_WARN_ENUM_CONVERSION = YES;
				CLANG_WARN_INT_CONVERSION = YES;
				CLANG_WARN_OBJC_ROOT_CLASS = YES_ERROR;
				CLANG_WARN_UNREACHABLE_CODE = YES;
				CLANG_WARN__DUPLICATE_METHOD_MATCH = YES;
				CODE_SIGN_IDENTITY = "-";
				COPY_PHASE_STRIP = NO;
				DEBUG_INFORMATION_FORMAT = "dwarf-with-dsym";
				ENABLE_NS_ASSERTIONS = NO;
				ENABLE_STRICT_OBJC_MSGSEND = YES;
				GCC_C_LANGUAGE_STANDARD = gnu99;
				GCC_NO_COMMON_BLOCKS = YES;
				GCC_WARN_64_TO_32_BIT_CONVERSION = YES;
				GCC_WARN_ABOUT_RETURN_TYPE = YES_ERROR;
				GCC_WARN_UNDECLARED_SELECTOR = YES;
				GCC_WARN_UNINITIALIZED_AUTOS = YES_AGGRESSIVE;
				GCC_WARN_UNUSED_FUNCTION = YES;
				GCC_WARN_UNUSED_VARIABLE = YES;
				MACOSX_DEPLOYMENT_TARGET = 10.10;
				MTL_ENABLE_DEBUG_INFO = NO;
				PRODUCT_NAME = "$(TARGET_NAME)";
				SDKROOT = macosx;
			};
			name = Release;
		};
/* End XCBuildConfiguration section */

/* Begin XCConfigurationList section */
		4FADC23308B4156C00ABE55E /* Build configuration list for PBXNativeTarget "evaluator" */ = {
			isa = XCConfigurationList;
			buildConfigurations = (
				4FADC23408B4156C00ABE55E /* Debug */,
				4FADC23508B4156C00ABE55E /* Release */,
			);
			defaultConfigurationIsVisible = 0;
			defaultConfigurationName = Release;
		};
		4FADC23708B4156C00ABE55E /* Build configuration list for PBXProject "evaluator" */ = {
			isa = XCConfigurationList;
			buildConfigurations = (
				4FADC23808B4156C00ABE55E /* Debug */,
				4FADC23908B4156C00ABE55E /* Release */,
			);
			defaultConfigurationIsVisible = 0;
			defaultConfigurationName = Release;
		};
		776862BE1DE8DB7900F115CB /* Build configuration list for PBXNativeTarget "expression_test" */ = {
			isa = XCConfigurationList;
			buildConfigurations = (
				776862BF1DE8DB7900F115CB /* Debug */,
				776862C01DE8DB7900F115CB /* Release */,
			);
			defaultConfigurationIsVisible = 0;
			defaultConfigurationName = Release;
		};
/* End XCConfigurationList section */
	};
	rootObject = 089C1669FE841209C02AAC07 /* Project object */;
}
